{
  "name": "countdown",
  "version": "1.0.0",
  "lockfileVersion": 1,
  "requires": true,
  "dependencies": {
    "jquery": {
      "version": "3.5.0",
      "resolved": "https://registry.npmjs.org/jquery/-/jquery-3.5.0.tgz",
      "integrity": "sha512-Xb7SVYMvygPxbFMpTFQiHh1J7HClEaThguL15N/Gg37Lri/qKyhRGZYzHRyLH8Stq3Aow0LsHO2O2ci86fCrNQ=="
    },
    "jquery-circle-progress": {
      "version": "1.2.2",
      "resolved": "https://registry.npmjs.org/jquery-circle-progress/-/jquery-circle-progress-1.2.2.tgz",
      "integrity": "sha1-Jg6RMKyOK1Vy6qepO56Kaye8juo=",
      "requires": {
        "jquery": "*"
      }
    }
  }
}
